github.com/geertjanvdk/xkit v0.9.0-beta.6 h1:NZxXIXkJOZ6C09yBCsd9mMtvJXMhDqFds/kYgOwvXW8=
github.com/geertjanvdk/xkit v0.9.0-beta.6/go.mod h1:7/2iA96dsd/mZotWnXT6+628T1N7HHy9VpGvFFnmi9A=
github.com/go-sql-driver/mysql v1.6.0 h1:BCTh4TKNUYmOmMUcQ3IipzF5prigylS7XXjEkfCHuOE=
github.com/go-sql-driver/mysql v1.6.0/go.mod h1:DCzpHaOWr8IXmIStZouvnhqoel9Qv2LBy8hT2VhHyBg=
github.com/golang/protobuf v1.5.0/go.mod h1:FsONVRAS9T7sI+LIUmWTfcYkHO4aIWwzhcaSAoJOfIk=
github.com/golistic/pxmysql v0.9.2 h1:evwuJ2DxFJb1YjXd99RwzyAGLT2vUzpWS0NoUKHYdwA=
github.com/golistic/pxmysql v0.9.2/go.mod h1:1ZQL/o7JmC29yl0OlJSYZfwVeUBTFqt9d6L+5C//g7Y=
github.com/golistic/xconv v0.0.0-20220527181646-954959c73312 h1:R0r2YpcUzYwsd1A0X+nYBBNTxl+ZDE9dFplX+wTQMh4=
github.com/golistic/xconv v0.0.0-20220527181646-954959c73312/go.mod h1:5uMaG4WPvgpCxIeW4PTRwzNKLfb9kEQRMOnj7+4KIP0=
github.com/golistic/xstrings v1.0.0 h1:blYH9nNTAc6f+tYQ8XVMQ6YtSwOKh5N1ldVnRI3CTMo=
github.com/golistic/xstrings v1.0.0/go.mod h1:0OequtLc+tesHgj1mgTpe+/nka4sVnfUO5IYmpxLPCc=
github.com/golistic/xstrings v1.1.0 h1:8PJTN9z3SXPY10IzdiN3M/aCG/zvFVYUOTnZS6OlPDk=
github.com/golistic/xstrings v1.1.0/go.mod h1:0OequtLc+tesHgj1mgTpe+/nka4sVnfUO5IYmpxLPCc=
github.com/golistic/xt v1.0.0 h1:s0CASEyLXylddqXLtZAALz1+ZL63USw5b4t49RegERo=
github.com/golistic/xt v1.0.0/go.mod h1:j1ZuWefyOD4HegoapgSjbXanA7X9YOKUeEB5gsEPgYg=
github.com/golistic/xt v1.0.1 h1:prcwpL757GEu+dj6x2v6vxHkulkFdyQ3S1PqO+6ohPM=
github.com/golistic/xt v1.0.1/go.mod h1:j1ZuWefyOD4HegoapgSjbXanA7X9YOKUeEB5gsEPgYg=
github.com/google/go-cmp v0.5.5/go.mod h1:v8dTdLbMG2kIc/vJvl+f65V22dbkXbowE6jgT/gNBxE=
golang.org/x/exp v0.0.0-20230213192124-5e25df0256eb h1:PaBZQdo+iSDyHT053FjUCgZQ/9uqVwPOcl7KSWhKn6w=
golang.org/x/exp v0.0.0-20230213192124-5e25df0256eb/go.mod h1:CxIveKay+FTh1D0yPZemJVgC/95VzuuOLq5Qi4xnoYc=
golang.org/x/text v0.4.0 h1:BrVqGRd7+k1DiOgtnFvAkoQEWQvBc25ouMJM6429SFg=
golang.org/x/text v0.4.0/go.mod h1:mrYo+phRRbMaCq/xk9113O4dZlRixOauAjOtrjsXDZ8=
golang.org/x/xerrors v0.0.0-20191204190536-9bdfabe68543/go.mod h1:I/5z698sn9Ka8TeJc9MKroUUfqBBauWjQqLJ2OPfmY0=
google.golang.org/protobuf v1.26.0-rc.1/go.mod h1:jlhhOSvTdKEhbULTjvd4ARK9grFBp09yW+WbY/TyQbw=
google.golang.org/protobuf v1.28.1 h1:d0NfwRgPtno5B1Wa6L2DAG+KivqkdutMf1UhdNx175w=
google.golang.org/protobuf v1.28.1/go.mod h1:HV8QOd/L58Z+nl8r43ehVNZIU/HEI6OcFqwMG9pJV4I=
