github.com/geertjanvdk/xkit v0.9.0-beta.6 h1:NZxXIXkJOZ6C09yBCsd9mMtvJXMhDqFds/kYgOwvXW8=
github.com/geertjanvdk/xkit v0.9.0-beta.6/go.mod h1:7/2iA96dsd/mZotWnXT6+628T1N7HHy9VpGvFFnmi9A=
github.com/go-sql-driver/mysql v1.6.0 h1:BCTh4TKNUYmOmMUcQ3IipzF5prigylS7XXjEkfCHuOE=
github.com/go-sql-driver/mysql v1.6.0/go.mod h1:DCzpHaOWr8IXmIStZouvnhqoel9Qv2LBy8hT2VhHyBg=
github.com/golistic/xstrings v1.0.0 h1:blYH9nNTAc6f+tYQ8XVMQ6YtSwOKh5N1ldVnRI3CTMo=
github.com/golistic/xstrings v1.0.0/go.mod h1:0OequtLc+tesHgj1mgTpe+/nka4sVnfUO5IYmpxLPCc=
github.com/golistic/xt v1.0.0 h1:s0CASEyLXylddqXLtZAALz1+ZL63USw5b4t49RegERo=
github.com/golistic/xt v1.0.0/go.mod h1:j1ZuWefyOD4HegoapgSjbXanA7X9YOKUeEB5gsEPgYg=
golang.org/x/text v0.4.0 h1:BrVqGRd7+k1DiOgtnFvAkoQEWQvBc25ouMJM6429SFg=
golang.org/x/text v0.4.0/go.mod h1:mrYo+phRRbMaCq/xk9113O4dZlRixOauAjOtrjsXDZ8=
